
Microsoft Visual Studio Solution File, Format Version 12.00
# Visual Studio Version 17
VisualStudioVersion = 17.9.34701.34
MinimumVisualStudioVersion = 10.0.40219.1
Project("{FAE04EC0-301F-11D3-BF4B-00C04F79EFBC}") = "WinFormsApp1", "WinFormsApp1\WinFormsApp1.csproj", "{329AD7A7-0A89-46A4-9F27-66A4EF0F260C}"
EndProject
Global
	GlobalSection(SolutionConfigurationPlatforms) = preSolution
		Debug|Any CPU = Debug|Any CPU
		Release|Any CPU = Release|Any CPU
	EndGlobalSection
	GlobalSection(ProjectConfigurationPlatforms) = postSolution
		{329AD7A7-0A89-46A4-9F27-66A4EF0F260C}.Debug|Any CPU.ActiveCfg = Debug|Any CPU
		{329AD7A7-0A89-46A4-9F27-66A4EF0F260C}.Debug|Any CPU.Build.0 = Debug|Any CPU
		{329AD7A7-0A89-46A4-9F27-66A4EF0F260C}.Release|Any CPU.ActiveCfg = Release|Any CPU
		{329AD7A7-0A89-46A4-9F27-66A4EF0F260C}.Release|Any CPU.Build.0 = Release|Any CPU
	EndGlobalSection
	GlobalSection(SolutionProperties) = preSolution
		HideSolutionNode = FALSE
	EndGlobalSection
	GlobalSection(ExtensibilityGlobals) = postSolution
		SolutionGuid = {426B3ABF-6909-4E9B-87CA-EC28816A90DB}
	EndGlobalSection
EndGlobal
